
Microsoft Visual Studio Solution File, Format Version 12.00
# Visual Studio Version 16
VisualStudioVersion = 16.0.30717.126
MinimumVisualStudioVersion = 10.0.40219.1
Project("{FAE04EC0-301F-11D3-BF4B-00C04F79EFBC}") = "XF2MSSQL.Android", "XF2MSSQL\XF2MSSQL.Android\XF2MSSQL.Android.csproj", "{36A0EDB6-B0FB-48EB-9B2C-B40067C676C0}"
EndProject
Project("{FAE04EC0-301F-11D3-BF4B-00C04F79EFBC}") = "XF2MSSQL", "XF2MSSQL\XF2MSSQL\XF2MSSQL.csproj", "{184A4608-A718-450F-840B-B35188186E40}"
EndProject
Global
	GlobalSection(SolutionConfigurationPlatforms) = preSolution
		Debug|Any CPU = Debug|Any CPU
		Release|Any CPU = Release|Any CPU
	EndGlobalSection
	GlobalSection(ProjectConfigurationPlatforms) = postSolution
		{36A0EDB6-B0FB-48EB-9B2C-B40067C676C0}.Debug|Any CPU.ActiveCfg = Debug|Any CPU
		{36A0EDB6-B0FB-48EB-9B2C-B40067C676C0}.Debug|Any CPU.Build.0 = Debug|Any CPU
		{36A0EDB6-B0FB-48EB-9B2C-B40067C676C0}.Debug|Any CPU.Deploy.0 = Debug|Any CPU
		{36A0EDB6-B0FB-48EB-9B2C-B40067C676C0}.Release|Any CPU.ActiveCfg = Release|Any CPU
		{36A0EDB6-B0FB-48EB-9B2C-B40067C676C0}.Release|Any CPU.Build.0 = Release|Any CPU
		{36A0EDB6-B0FB-48EB-9B2C-B40067C676C0}.Release|Any CPU.Deploy.0 = Release|Any CPU
		{184A4608-A718-450F-840B-B35188186E40}.Debug|Any CPU.ActiveCfg = Debug|Any CPU
		{184A4608-A718-450F-840B-B35188186E40}.Debug|Any CPU.Build.0 = Debug|Any CPU
		{184A4608-A718-450F-840B-B35188186E40}.Debug|Any CPU.Deploy.0 = Debug|Any CPU
		{184A4608-A718-450F-840B-B35188186E40}.Release|Any CPU.ActiveCfg = Release|Any CPU
		{184A4608-A718-450F-840B-B35188186E40}.Release|Any CPU.Build.0 = Release|Any CPU
		{184A4608-A718-450F-840B-B35188186E40}.Release|Any CPU.Deploy.0 = Release|Any CPU
	EndGlobalSection
	GlobalSection(SolutionProperties) = preSolution
		HideSolutionNode = FALSE
	EndGlobalSection
	GlobalSection(ExtensibilityGlobals) = postSolution
		SolutionGuid = {1BB97F15-EB15-4B26-ABFF-5C4019440DD7}
	EndGlobalSection
EndGlobal
